
Microsoft Visual Studio Solution File, Format Version 12.00
# Visual Studio 15
VisualStudioVersion = 15.0.27130.2010
MinimumVisualStudioVersion = 10.0.40219.1
Project("{FAE04EC0-301F-11D3-BF4B-00C04F79EFBC}") = "homework 2.4", "homework 2.4.csproj", "{85A328B4-4817-428E-9AD9-E3A710D22D1D}"
EndProject
Global
	GlobalSection(SolutionConfigurationPlatforms) = preSolution
		Debug|Any CPU = Debug|Any CPU
		Release|Any CPU = Release|Any CPU
	EndGlobalSection
	GlobalSection(ProjectConfigurationPlatforms) = postSolution
		{85A328B4-4817-428E-9AD9-E3A710D22D1D}.Debug|Any CPU.ActiveCfg = Debug|Any CPU
		{85A328B4-4817-428E-9AD9-E3A710D22D1D}.Debug|Any CPU.Build.0 = Debug|Any CPU
		{85A328B4-4817-428E-9AD9-E3A710D22D1D}.Release|Any CPU.ActiveCfg = Release|Any CPU
		{85A328B4-4817-428E-9AD9-E3A710D22D1D}.Release|Any CPU.Build.0 = Release|Any CPU
	EndGlobalSection
	GlobalSection(SolutionProperties) = preSolution
		HideSolutionNode = FALSE
	EndGlobalSection
	GlobalSection(ExtensibilityGlobals) = postSolution
		SolutionGuid = {423141A1-C927-412C-B338-5FF0543BBEE3}
	EndGlobalSection
EndGlobal
